
Microsoft Visual Studio Solution File, Format Version 12.00
# Visual Studio Version 16
VisualStudioVersion = 16.0.31613.86
MinimumVisualStudioVersion = 10.0.40219.1
Project("{9A19103F-16F7-4668-BE54-9A1E7A4F7556}") = "Calculator", "Cauculator\Calculator.csproj", "{C23F1525-77EF-4C64-A1B9-394F57EA009A}"
EndProject
Project("{9A19103F-16F7-4668-BE54-9A1E7A4F7556}") = "Conditional Statement", "Conditional Statement\Conditional Statement.csproj", "{BBF27AD6-29F6-47D1-B07F-FC961CB0F749}"
EndProject
Project("{FAE04EC0-301F-11D3-BF4B-00C04F79EFBC}") = "Method", "Method\Method.csproj", "{A5785CB8-5B33-4FAC-A25E-C30A31FBC5AF}"
EndProject
Global
	GlobalSection(SolutionConfigurationPlatforms) = preSolution
		Debug|Any CPU = Debug|Any CPU
		Release|Any CPU = Release|Any CPU
	EndGlobalSection
	GlobalSection(ProjectConfigurationPlatforms) = postSolution
		{C23F1525-77EF-4C64-A1B9-394F57EA009A}.Debug|Any CPU.ActiveCfg = Debug|Any CPU
		{C23F1525-77EF-4C64-A1B9-394F57EA009A}.Debug|Any CPU.Build.0 = Debug|Any CPU
		{C23F1525-77EF-4C64-A1B9-394F57EA009A}.Release|Any CPU.ActiveCfg = Release|Any CPU
		{C23F1525-77EF-4C64-A1B9-394F57EA009A}.Release|Any CPU.Build.0 = Release|Any CPU
		{BBF27AD6-29F6-47D1-B07F-FC961CB0F749}.Debug|Any CPU.ActiveCfg = Debug|Any CPU
		{BBF27AD6-29F6-47D1-B07F-FC961CB0F749}.Debug|Any CPU.Build.0 = Debug|Any CPU
		{BBF27AD6-29F6-47D1-B07F-FC961CB0F749}.Release|Any CPU.ActiveCfg = Release|Any CPU
		{BBF27AD6-29F6-47D1-B07F-FC961CB0F749}.Release|Any CPU.Build.0 = Release|Any CPU
		{A5785CB8-5B33-4FAC-A25E-C30A31FBC5AF}.Debug|Any CPU.ActiveCfg = Debug|Any CPU
		{A5785CB8-5B33-4FAC-A25E-C30A31FBC5AF}.Debug|Any CPU.Build.0 = Debug|Any CPU
		{A5785CB8-5B33-4FAC-A25E-C30A31FBC5AF}.Release|Any CPU.ActiveCfg = Release|Any CPU
		{A5785CB8-5B33-4FAC-A25E-C30A31FBC5AF}.Release|Any CPU.Build.0 = Release|Any CPU
	EndGlobalSection
	GlobalSection(SolutionProperties) = preSolution
		HideSolutionNode = FALSE
	EndGlobalSection
	GlobalSection(ExtensibilityGlobals) = postSolution
		SolutionGuid = {C7670F8B-24C0-4984-B9A5-1840D8F68F6D}
	EndGlobalSection
EndGlobal
